PODS:
  - JSProgressView (0.2.0):
    - MBProgressHUD (~> 1.1.0)
    - SVProgressHUD (~> 2.2.5)
  - MBProgressHUD (1.1.0)
  - SVProgressHUD (2.2.5)

DEPENDENCIES:
  - JSProgressView (from `../`)

SPEC REPOS:
  https://github.com/cocoapods/specs.git:
    - MBProgressHUD
    - SVProgressHUD

EXTERNAL SOURCES:
  JSProgressView:
    :path: "../"

SPEC CHECKSUMS:
  JSProgressView: 7678d0c9fbb77aafd29a6ee6b07e19baff03b122
  MBProgressHUD: e7baa36a220447d8aeb12769bf0585582f3866d9
  SVProgressHUD: 1428aafac632c1f86f62aa4243ec12008d7a51d6

PODFILE CHECKSUM: 46e037dff8b25c01df1b9528cfcd1056e703d7b8

COCOAPODS: 1.5.3
